<Solution>
  <Folder Name="/C#/">
    <Project Path="C#/Temeller-26-36/Temeller-26-36.csproj" />
    <Project Path="C#/Temeller-36-71/Temeller-36-71.csproj" />
    <Project Path="C#/Temeller-71-91/Temeller-71-91.csproj" />
    <Project Path="C#/Temeller-91-125/Temeller-91-125.csproj" />
    <Project Path="C#/Temeller-125-169/Temeller-125-169.csproj" />
    <Project Path="C#/Temeller-169-187/Temeller-169-187.csproj" />
  </Folder>
</Solution>
